// !$*UTF8*$!
{
	archiveVersion = 1;
	classes = {
	};
	objectVersion = 55;
	objects = {

/* Begin PBXBuildFile section */
		7149E8FB27A8720A008E3553 /* ChecklyApp.swift in Sources */ = {isa = PBXBuildFile; fileRef = 7149E8FA27A8720A008E3553 /* ChecklyApp.swift */; };
		7149E8FD27A8720A008E3553 /* LoginView.swift in Sources */ = {isa = PBXBuildFile; fileRef = 7149E8FC27A8720A008E3553 /* LoginView.swift */; };
		7149E8FF27A87213008E3553 /* Assets.xcassets in Resources */ = {isa = PBXBuildFile; fileRef = 7149E8FE27A87213008E3553 /* Assets.xcassets */; };
		7149E90227A87213008E3553 /* Preview Assets.xcassets in Resources */ = {isa = PBXBuildFile; fileRef = 7149E90127A87213008E3553 /* Preview Assets.xcassets */; };
		7149E90E27A8747B008E3553 /* GoogleService-Info.plist in Resources */ = {isa = PBXBuildFile; fileRef = 7149E90D27A8747B008E3553 /* GoogleService-Info.plist */; };
		7149E91227A96FCA008E3553 /* Credentials.swift in Sources */ = {isa = PBXBuildFile; fileRef = 7149E91127A96FCA008E3553 /* Credentials.swift */; };
		7149E91427A977D7008E3553 /* ContentView.swift in Sources */ = {isa = PBXBuildFile; fileRef = 7149E91327A977D6008E3553 /* ContentView.swift */; };
		7149E91827A985BC008E3553 /* Authentication.swift in Sources */ = {isa = PBXBuildFile; fileRef = 7149E91727A985BC008E3553 /* Authentication.swift */; };
		7149E91A27A987DE008E3553 /* Session.swift in Sources */ = {isa = PBXBuildFile; fileRef = 7149E91927A987DD008E3553 /* Session.swift */; };
		7152C6A327B6AF7B00E2CEAD /* ViewExtension.swift in Sources */ = {isa = PBXBuildFile; fileRef = 7152C6A227B6AF7B00E2CEAD /* ViewExtension.swift */; };
		7152C6A527B6B66300E2CEAD /* NotificationManager.swift in Sources */ = {isa = PBXBuildFile; fileRef = 7152C6A427B6B66300E2CEAD /* NotificationManager.swift */; };
		7152C6A727B6BDEE00E2CEAD /* MeetingModel.swift in Sources */ = {isa = PBXBuildFile; fileRef = 7152C6A627B6BDED00E2CEAD /* MeetingModel.swift */; };
		7152C6A927B6BE2500E2CEAD /* DateModel.swift in Sources */ = {isa = PBXBuildFile; fileRef = 7152C6A827B6BE2500E2CEAD /* DateModel.swift */; };
		7152C6AB27B6CF5100E2CEAD /* AppDelegate.swift in Sources */ = {isa = PBXBuildFile; fileRef = 7152C6AA27B6CF5100E2CEAD /* AppDelegate.swift */; };
		71A5EBF427AEA052009F68B9 /* FeedbackView.swift in Sources */ = {isa = PBXBuildFile; fileRef = 71A5EBF327AEA052009F68B9 /* FeedbackView.swift */; };
		71C62C7227AC286900C573E7 /* FirebaseAuth in Frameworks */ = {isa = PBXBuildFile; productRef = 71C62C7127AC286900C573E7 /* FirebaseAuth */; };
		71C62C7427AC286900C573E7 /* FirebaseAuthCombine-Community in Frameworks */ = {isa = PBXBuildFile; productRef = 71C62C7327AC286900C573E7 /* FirebaseAuthCombine-Community */; };
		71C62C7627AC286900C573E7 /* FirebaseDatabase in Frameworks */ = {isa = PBXBuildFile; productRef = 71C62C7527AC286900C573E7 /* FirebaseDatabase */; };
		71C62C7827AC286900C573E7 /* FirebaseDatabaseSwift-Beta in Frameworks */ = {isa = PBXBuildFile; productRef = 71C62C7727AC286900C573E7 /* FirebaseDatabaseSwift-Beta */; };
		71C62C7A27AC286900C573E7 /* FirebaseFirestore in Frameworks */ = {isa = PBXBuildFile; productRef = 71C62C7927AC286900C573E7 /* FirebaseFirestore */; };
		71C62C7C27AC286900C573E7 /* FirebaseFirestoreCombine-Community in Frameworks */ = {isa = PBXBuildFile; productRef = 71C62C7B27AC286900C573E7 /* FirebaseFirestoreCombine-Community */; };
		71C62C7E27AC286900C573E7 /* FirebaseFirestoreSwift-Beta in Frameworks */ = {isa = PBXBuildFile; productRef = 71C62C7D27AC286900C573E7 /* FirebaseFirestoreSwift-Beta */; };
		71C62C8127AD58F400C573E7 /* LoadingView.swift in Sources */ = {isa = PBXBuildFile; fileRef = 71C62C8027AD58F300C573E7 /* LoadingView.swift */; };
		71C62C8327AD598900C573E7 /* InputsView.swift in Sources */ = {isa = PBXBuildFile; fileRef = 71C62C8227AD598900C573E7 /* InputsView.swift */; };
		71C62C8527AD5AC300C573E7 /* TitleView.swift in Sources */ = {isa = PBXBuildFile; fileRef = 71C62C8427AD5AC300C573E7 /* TitleView.swift */; };
		71D09A5C27A9A02A00DA2D1D /* SwiftKeychainWrapper in Frameworks */ = {isa = PBXBuildFile; productRef = 71D09A5B27A9A02A00DA2D1D /* SwiftKeychainWrapper */; };
		71D09A5E27A9A0AA00DA2D1D /* KeychainStorage.swift in Sources */ = {isa = PBXBuildFile; fileRef = 71D09A5D27A9A0A900DA2D1D /* KeychainStorage.swift */; };
		71D09A6427A9DADD00DA2D1D /* ResetPasswordView.swift in Sources */ = {isa = PBXBuildFile; fileRef = 71D09A6327A9DADA00DA2D1D /* ResetPasswordView.swift */; };
/* End PBXBuildFile section */

/* Begin PBXFileReference section */
		7149E8F727A8720A008E3553 /* Checkly.app */ = {isa = PBXFileReference; explicitFileType = wrapper.application; includeInIndex = 0; path = Checkly.app; sourceTree = BUILT_PRODUCTS_DIR; };
		7149E8FA27A8720A008E3553 /* ChecklyApp.swift */ = {isa = PBXFileReference; lastKnownFileType = sourcecode.swift; path = ChecklyApp.swift; sourceTree = "<group>"; };
		7149E8FC27A8720A008E3553 /* LoginView.swift */ = {isa = PBXFileReference; lastKnownFileType = sourcecode.swift; path = LoginView.swift; sourceTree = "<group>"; };
		7149E8FE27A87213008E3553 /* Assets.xcassets */ = {isa = PBXFileReference; lastKnownFileType = folder.assetcatalog; path = Assets.xcassets; sourceTree = "<group>"; };
		7149E90127A87213008E3553 /* Preview Assets.xcassets */ = {isa = PBXFileReference; lastKnownFileType = folder.assetcatalog; path = "Preview Assets.xcassets"; sourceTree = "<group>"; };
		7149E90D27A8747B008E3553 /* GoogleService-Info.plist */ = {isa = PBXFileReference; fileEncoding = 4; lastKnownFileType = text.plist.xml; path = "GoogleService-Info.plist"; sourceTree = "<group>"; };
		7149E91127A96FCA008E3553 /* Credentials.swift */ = {isa = PBXFileReference; lastKnownFileType = sourcecode.swift; path = Credentials.swift; sourceTree = "<group>"; };
		7149E91327A977D6008E3553 /* ContentView.swift */ = {isa = PBXFileReference; lastKnownFileType = sourcecode.swift; path = ContentView.swift; sourceTree = "<group>"; };
		7149E91727A985BC008E3553 /* Authentication.swift */ = {isa = PBXFileReference; lastKnownFileType = sourcecode.swift; path = Authentication.swift; sourceTree = "<group>"; };
		7149E91927A987DD008E3553 /* Session.swift */ = {isa = PBXFileReference; lastKnownFileType = sourcecode.swift; path = Session.swift; sourceTree = "<group>"; };
		7152C6A227B6AF7B00E2CEAD /* ViewExtension.swift */ = {isa = PBXFileReference; lastKnownFileType = sourcecode.swift; path = ViewExtension.swift; sourceTree = "<group>"; };
		7152C6A427B6B66300E2CEAD /* NotificationManager.swift */ = {isa = PBXFileReference; lastKnownFileType = sourcecode.swift; path = NotificationManager.swift; sourceTree = "<group>"; };
		7152C6A627B6BDED00E2CEAD /* MeetingModel.swift */ = {isa = PBXFileReference; lastKnownFileType = sourcecode.swift; path = MeetingModel.swift; sourceTree = "<group>"; };
		7152C6A827B6BE2500E2CEAD /* DateModel.swift */ = {isa = PBXFileReference; lastKnownFileType = sourcecode.swift; path = DateModel.swift; sourceTree = "<group>"; };
		7152C6AA27B6CF5100E2CEAD /* AppDelegate.swift */ = {isa = PBXFileReference; lastKnownFileType = sourcecode.swift; path = AppDelegate.swift; sourceTree = "<group>"; };
		71A5EBF327AEA052009F68B9 /* FeedbackView.swift */ = {isa = PBXFileReference; lastKnownFileType = sourcecode.swift; path = FeedbackView.swift; sourceTree = "<group>"; };
		71C62C8027AD58F300C573E7 /* LoadingView.swift */ = {isa = PBXFileReference; lastKnownFileType = sourcecode.swift; path = LoadingView.swift; sourceTree = SOURCE_ROOT; };
		71C62C8227AD598900C573E7 /* InputsView.swift */ = {isa = PBXFileReference; lastKnownFileType = sourcecode.swift; path = InputsView.swift; sourceTree = "<group>"; };
		71C62C8427AD5AC300C573E7 /* TitleView.swift */ = {isa = PBXFileReference; lastKnownFileType = sourcecode.swift; path = TitleView.swift; sourceTree = "<group>"; };
		71D09A5D27A9A0A900DA2D1D /* KeychainStorage.swift */ = {isa = PBXFileReference; lastKnownFileType = sourcecode.swift; path = KeychainStorage.swift; sourceTree = "<group>"; };
		71D09A6327A9DADA00DA2D1D /* ResetPasswordView.swift */ = {isa = PBXFileReference; lastKnownFileType = sourcecode.swift; path = ResetPasswordView.swift; sourceTree = "<group>"; };
/* End PBXFileReference section */

/* Begin PBXFrameworksBuildPhase section */
		7149E8F427A8720A008E3553 /* Frameworks */ = {
			isa = PBXFrameworksBuildPhase;
			buildActionMask = 2147483647;
			files = (
				71C62C7827AC286900C573E7 /* FirebaseDatabaseSwift-Beta in Frameworks */,
				71D09A5C27A9A02A00DA2D1D /* SwiftKeychainWrapper in Frameworks */,
				71C62C7427AC286900C573E7 /* FirebaseAuthCombine-Community in Frameworks */,
				71C62C7627AC286900C573E7 /* FirebaseDatabase in Frameworks */,
				71C62C7227AC286900C573E7 /* FirebaseAuth in Frameworks */,
				71C62C7E27AC286900C573E7 /* FirebaseFirestoreSwift-Beta in Frameworks */,
				71C62C7A27AC286900C573E7 /* FirebaseFirestore in Frameworks */,
				71C62C7C27AC286900C573E7 /* FirebaseFirestoreCombine-Community in Frameworks */,
			);
			runOnlyForDeploymentPostprocessing = 0;
		};
/* End PBXFrameworksBuildPhase section */

/* Begin PBXGroup section */
		7149E8EE27A8720A008E3553 = {
			isa = PBXGroup;
			children = (
				7149E8F927A8720A008E3553 /* Checkly */,
				7149E8F827A8720A008E3553 /* Products */,
			);
			sourceTree = "<group>";
		};
		7149E8F827A8720A008E3553 /* Products */ = {
			isa = PBXGroup;
			children = (
				7149E8F727A8720A008E3553 /* Checkly.app */,
			);
			name = Products;
			sourceTree = "<group>";
		};
		7149E8F927A8720A008E3553 /* Checkly */ = {
			isa = PBXGroup;
			children = (
				7152C6A127B6AEE300E2CEAD /* Extensions */,
				71D09A5F27A9A0CC00DA2D1D /* Services */,
				7149E91027A96F92008E3553 /* Models */,
				7149E90F27A96F71008E3553 /* Views */,
				7149E8FA27A8720A008E3553 /* ChecklyApp.swift */,
				7152C6AA27B6CF5100E2CEAD /* AppDelegate.swift */,
				7149E91727A985BC008E3553 /* Authentication.swift */,
				7149E90D27A8747B008E3553 /* GoogleService-Info.plist */,
				7149E8FE27A87213008E3553 /* Assets.xcassets */,
				7149E90027A87213008E3553 /* Preview Content */,
			);
			path = Checkly;
			sourceTree = "<group>";
		};
		7149E90027A87213008E3553 /* Preview Content */ = {
			isa = PBXGroup;
			children = (
				7149E90127A87213008E3553 /* Preview Assets.xcassets */,
			);
			path = "Preview Content";
			sourceTree = "<group>";
		};
		7149E90F27A96F71008E3553 /* Views */ = {
			isa = PBXGroup;
			children = (
				71C62C7F27AD585A00C573E7 /* Components */,
				7149E91327A977D6008E3553 /* ContentView.swift */,
				7149E8FC27A8720A008E3553 /* LoginView.swift */,
				71D09A6327A9DADA00DA2D1D /* ResetPasswordView.swift */,
			);
			path = Views;
			sourceTree = "<group>";
		};
		7149E91027A96F92008E3553 /* Models */ = {
			isa = PBXGroup;
			children = (
				7149E91127A96FCA008E3553 /* Credentials.swift */,
				7149E91927A987DD008E3553 /* Session.swift */,
				7152C6A627B6BDED00E2CEAD /* MeetingModel.swift */,
				7152C6A827B6BE2500E2CEAD /* DateModel.swift */,
			);
			path = Models;
			sourceTree = "<group>";
		};
		7152C6A127B6AEE300E2CEAD /* Extensions */ = {
			isa = PBXGroup;
			children = (
				7152C6A227B6AF7B00E2CEAD /* ViewExtension.swift */,
			);
			path = Extensions;
			sourceTree = "<group>";
		};
		71C62C7F27AD585A00C573E7 /* Components */ = {
			isa = PBXGroup;
			children = (
				71C62C8027AD58F300C573E7 /* LoadingView.swift */,
				71C62C8227AD598900C573E7 /* InputsView.swift */,
				71C62C8427AD5AC300C573E7 /* TitleView.swift */,
				71A5EBF327AEA052009F68B9 /* FeedbackView.swift */,
			);
			path = Components;
			sourceTree = "<group>";
		};
		71D09A5F27A9A0CC00DA2D1D /* Services */ = {
			isa = PBXGroup;
			children = (
				71D09A5D27A9A0A900DA2D1D /* KeychainStorage.swift */,
				7152C6A427B6B66300E2CEAD /* NotificationManager.swift */,
			);
			path = Services;
			sourceTree = "<group>";
		};
/* End PBXGroup section */

/* Begin PBXNativeTarget section */
		7149E8F627A8720A008E3553 /* Checkly */ = {
			isa = PBXNativeTarget;
			buildConfigurationList = 7149E90527A87213008E3553 /* Build configuration list for PBXNativeTarget "Checkly" */;
			buildPhases = (
				7149E8F327A8720A008E3553 /* Sources */,
				7149E8F427A8720A008E3553 /* Frameworks */,
				7149E8F527A8720A008E3553 /* Resources */,
			);
			buildRules = (
			);
			dependencies = (
			);
			name = Checkly;
			packageProductDependencies = (
				71D09A5B27A9A02A00DA2D1D /* SwiftKeychainWrapper */,
				71C62C7127AC286900C573E7 /* FirebaseAuth */,
				71C62C7327AC286900C573E7 /* FirebaseAuthCombine-Community */,
				71C62C7527AC286900C573E7 /* FirebaseDatabase */,
				71C62C7727AC286900C573E7 /* FirebaseDatabaseSwift-Beta */,
				71C62C7927AC286900C573E7 /* FirebaseFirestore */,
				71C62C7B27AC286900C573E7 /* FirebaseFirestoreCombine-Community */,
				71C62C7D27AC286900C573E7 /* FirebaseFirestoreSwift-Beta */,
			);
			productName = Checkly;
			productReference = 7149E8F727A8720A008E3553 /* Checkly.app */;
			productType = "com.apple.product-type.application";
		};
/* End PBXNativeTarget section */

/* Begin PBXProject section */
		7149E8EF27A8720A008E3553 /* Project object */ = {
			isa = PBXProject;
			attributes = {
				BuildIndependentTargetsInParallel = 1;
				LastSwiftUpdateCheck = 1310;
				LastUpgradeCheck = 1310;
				TargetAttributes = {
					7149E8F627A8720A008E3553 = {
						CreatedOnToolsVersion = 13.1;
					};
				};
			};
			buildConfigurationList = 7149E8F227A8720A008E3553 /* Build configuration list for PBXProject "Checkly" */;
			compatibilityVersion = "Xcode 13.0";
			developmentRegion = en;
			hasScannedForEncodings = 0;
			knownRegions = (
				en,
				Base,
			);
			mainGroup = 7149E8EE27A8720A008E3553;
			packageReferences = (
				71D09A5A27A9A02900DA2D1D /* XCRemoteSwiftPackageReference "SwiftKeychainWrapper" */,
				71C62C7027AC286900C573E7 /* XCRemoteSwiftPackageReference "firebase-ios-sdk" */,
			);
			productRefGroup = 7149E8F827A8720A008E3553 /* Products */;
			projectDirPath = "";
			projectRoot = "";
			targets = (
				7149E8F627A8720A008E3553 /* Checkly */,
			);
		};
/* End PBXProject section */

/* Begin PBXResourcesBuildPhase section */
		7149E8F527A8720A008E3553 /* Resources */ = {
			isa = PBXResourcesBuildPhase;
			buildActionMask = 2147483647;
			files = (
				7149E90227A87213008E3553 /* Preview Assets.xcassets in Resources */,
				7149E8FF27A87213008E3553 /* Assets.xcassets in Resources */,
				7149E90E27A8747B008E3553 /* GoogleService-Info.plist in Resources */,
			);
			runOnlyForDeploymentPostprocessing = 0;
		};
/* End PBXResourcesBuildPhase section */

/* Begin PBXSourcesBuildPhase section */
		7149E8F327A8720A008E3553 /* Sources */ = {
			isa = PBXSourcesBuildPhase;
			buildActionMask = 2147483647;
			files = (
				7149E8FD27A8720A008E3553 /* LoginView.swift in Sources */,
				71D09A5E27A9A0AA00DA2D1D /* KeychainStorage.swift in Sources */,
				7149E91A27A987DE008E3553 /* Session.swift in Sources */,
				71C62C8127AD58F400C573E7 /* LoadingView.swift in Sources */,
				7152C6A527B6B66300E2CEAD /* NotificationManager.swift in Sources */,
				7149E91227A96FCA008E3553 /* Credentials.swift in Sources */,
				71A5EBF427AEA052009F68B9 /* FeedbackView.swift in Sources */,
				7149E91427A977D7008E3553 /* ContentView.swift in Sources */,
				71C62C8327AD598900C573E7 /* InputsView.swift in Sources */,
				7152C6A927B6BE2500E2CEAD /* DateModel.swift in Sources */,
				7149E8FB27A8720A008E3553 /* ChecklyApp.swift in Sources */,
				71D09A6427A9DADD00DA2D1D /* ResetPasswordView.swift in Sources */,
				7149E91827A985BC008E3553 /* Authentication.swift in Sources */,
				71C62C8527AD5AC300C573E7 /* TitleView.swift in Sources */,
				7152C6A327B6AF7B00E2CEAD /* ViewExtension.swift in Sources */,
				7152C6AB27B6CF5100E2CEAD /* AppDelegate.swift in Sources */,
				7152C6A727B6BDEE00E2CEAD /* MeetingModel.swift in Sources */,
			);
			runOnlyForDeploymentPostprocessing = 0;
		};
/* End PBXSourcesBuildPhase section */

/* Begin XCBuildConfiguration section */
		7149E90327A87213008E3553 /* Debug */ = {
			isa = XCBuildConfiguration;
			buildSettings = {
				ALWAYS_SEARCH_USER_PATHS = NO;
				CLANG_ANALYZER_NONNULL = YES;
				CLANG_ANALYZER_NUMBER_OBJECT_CONVERSION = YES_AGGRESSIVE;
				CLANG_CXX_LANGUAGE_STANDARD = "gnu++17";
				CLANG_CXX_LIBRARY = "libc++";
				CLANG_ENABLE_MODULES = YES;
				CLANG_ENABLE_OBJC_ARC = YES;
				CLANG_ENABLE_OBJC_WEAK = YES;
				CLANG_WARN_BLOCK_CAPTURE_AUTORELEASING = YES;
				CLANG_WARN_BOOL_CONVERSION = YES;
				CLANG_WARN_COMMA = YES;
				CLANG_WARN_CONSTANT_CONVERSION = YES;
				CLANG_WARN_DEPRECATED_OBJC_IMPLEMENTATIONS = YES;
				CLANG_WARN_DIRECT_OBJC_ISA_USAGE = YES_ERROR;
				CLANG_WARN_DOCUMENTATION_COMMENTS = YES;
				CLANG_WARN_EMPTY_BODY = YES;
				CLANG_WARN_ENUM_CONVERSION = YES;
				CLANG_WARN_INFINITE_RECURSION = YES;
				CLANG_WARN_INT_CONVERSION = YES;
				CLANG_WARN_NON_LITERAL_NULL_CONVERSION = YES;
				CLANG_WARN_OBJC_IMPLICIT_RETAIN_SELF = YES;
				CLANG_WARN_OBJC_LITERAL_CONVERSION = YES;
				CLANG_WARN_OBJC_ROOT_CLASS = YES_ERROR;
				CLANG_WARN_QUOTED_INCLUDE_IN_FRAMEWORK_HEADER = YES;
				CLANG_WARN_RANGE_LOOP_ANALYSIS = YES;
				CLANG_WARN_STRICT_PROTOTYPES = YES;
				CLANG_WARN_SUSPICIOUS_MOVE = YES;
				CLANG_WARN_UNGUARDED_AVAILABILITY = YES_AGGRESSIVE;
				CLANG_WARN_UNREACHABLE_CODE = YES;
				CLANG_WARN__DUPLICATE_METHOD_MATCH = YES;
				COPY_PHASE_STRIP = NO;
				DEBUG_INFORMATION_FORMAT = dwarf;
				ENABLE_STRICT_OBJC_MSGSEND = YES;
				ENABLE_TESTABILITY = YES;
				GCC_C_LANGUAGE_STANDARD = gnu11;
				GCC_DYNAMIC_NO_PIC = NO;
				GCC_NO_COMMON_BLOCKS = YES;
				GCC_OPTIMIZATION_LEVEL = 0;
				GCC_PREPROCESSOR_DEFINITIONS = (
					"DEBUG=1",
					"$(inherited)",
				);
				GCC_WARN_64_TO_32_BIT_CONVERSION = YES;
				GCC_WARN_ABOUT_RETURN_TYPE = YES_ERROR;
				GCC_WARN_UNDECLARED_SELECTOR = YES;
				GCC_WARN_UNINITIALIZED_AUTOS = YES_AGGRESSIVE;
				GCC_WARN_UNUSED_FUNCTION = YES;
				GCC_WARN_UNUSED_VARIABLE = YES;
				IPHONEOS_DEPLOYMENT_TARGET = 15.0;
				MTL_ENABLE_DEBUG_INFO = INCLUDE_SOURCE;
				MTL_FAST_MATH = YES;
				ONLY_ACTIVE_ARCH = YES;
				SDKROOT = iphoneos;
				SWIFT_ACTIVE_COMPILATION_CONDITIONS = DEBUG;
				SWIFT_OPTIMIZATION_LEVEL = "-Onone";
			};
			name = Debug;
		};
		7149E90427A87213008E3553 /* Release */ = {
			isa = XCBuildConfiguration;
			buildSettings = {
				ALWAYS_SEARCH_USER_PATHS = NO;
				CLANG_ANALYZER_NONNULL = YES;
				CLANG_ANALYZER_NUMBER_OBJECT_CONVERSION = YES_AGGRESSIVE;
				CLANG_CXX_LANGUAGE_STANDARD = "gnu++17";
				CLANG_CXX_LIBRARY = "libc++";
				CLANG_ENABLE_MODULES = YES;
				CLANG_ENABLE_OBJC_ARC = YES;
				CLANG_ENABLE_OBJC_WEAK = YES;
				CLANG_WARN_BLOCK_CAPTURE_AUTORELEASING = YES;
				CLANG_WARN_BOOL_CONVERSION = YES;
				CLANG_WARN_COMMA = YES;
				CLANG_WARN_CONSTANT_CONVERSION = YES;
				CLANG_WARN_DEPRECATED_OBJC_IMPLEMENTATIONS = YES;
				CLANG_WARN_DIRECT_OBJC_ISA_USAGE = YES_ERROR;
				CLANG_WARN_DOCUMENTATION_COMMENTS = YES;
				CLANG_WARN_EMPTY_BODY = YES;
				CLANG_WARN_ENUM_CONVERSION = YES;
				CLANG_WARN_INFINITE_RECURSION = YES;
				CLANG_WARN_INT_CONVERSION = YES;
				CLANG_WARN_NON_LITERAL_NULL_CONVERSION = YES;
				CLANG_WARN_OBJC_IMPLICIT_RETAIN_SELF = YES;
				CLANG_WARN_OBJC_LITERAL_CONVERSION = YES;
				CLANG_WARN_OBJC_ROOT_CLASS = YES_ERROR;
				CLANG_WARN_QUOTED_INCLUDE_IN_FRAMEWORK_HEADER = YES;
				CLANG_WARN_RANGE_LOOP_ANALYSIS = YES;
				CLANG_WARN_STRICT_PROTOTYPES = YES;
				CLANG_WARN_SUSPICIOUS_MOVE = YES;
				CLANG_WARN_UNGUARDED_AVAILABILITY = YES_AGGRESSIVE;
				CLANG_WARN_UNREACHABLE_CODE = YES;
				CLANG_WARN__DUPLICATE_METHOD_MATCH = YES;
				COPY_PHASE_STRIP = NO;
				DEBUG_INFORMATION_FORMAT = "dwarf-with-dsym";
				ENABLE_NS_ASSERTIONS = NO;
				ENABLE_STRICT_OBJC_MSGSEND = YES;
				GCC_C_LANGUAGE_STANDARD = gnu11;
				GCC_NO_COMMON_BLOCKS = YES;
				GCC_WARN_64_TO_32_BIT_CONVERSION = YES;
				GCC_WARN_ABOUT_RETURN_TYPE = YES_ERROR;
				GCC_WARN_UNDECLARED_SELECTOR = YES;
				GCC_WARN_UNINITIALIZED_AUTOS = YES_AGGRESSIVE;
				GCC_WARN_UNUSED_FUNCTION = YES;
				GCC_WARN_UNUSED_VARIABLE = YES;
				IPHONEOS_DEPLOYMENT_TARGET = 15.0;
				MTL_ENABLE_DEBUG_INFO = NO;
				MTL_FAST_MATH = YES;
				SDKROOT = iphoneos;
				SWIFT_COMPILATION_MODE = wholemodule;
				SWIFT_OPTIMIZATION_LEVEL = "-O";
				VALIDATE_PRODUCT = YES;
			};
			name = Release;
		};
		7149E90627A87213008E3553 /* Debug */ = {
			isa = XCBuildConfiguration;
			buildSettings = {
				ASSETCATALOG_COMPILER_APPICON_NAME = AppIcon;
				ASSETCATALOG_COMPILER_GLOBAL_ACCENT_COLOR_NAME = AccentColor;
				CODE_SIGN_STYLE = Automatic;
				CURRENT_PROJECT_VERSION = 1;
				DEVELOPMENT_ASSET_PATHS = "\"Checkly/Preview Content\"";
				DEVELOPMENT_TEAM = 9VU9NLXSDT;
				ENABLE_PREVIEWS = YES;
				GENERATE_INFOPLIST_FILE = YES;
				INFOPLIST_KEY_NSFaceIDUsageDescription = "Allow FaceID to access user credentials";
				INFOPLIST_KEY_UIApplicationSceneManifest_Generation = YES;
				INFOPLIST_KEY_UIApplicationSupportsIndirectInputEvents = YES;
				INFOPLIST_KEY_UILaunchScreen_Generation = YES;
				INFOPLIST_KEY_UISupportedInterfaceOrientations_iPad = "UIInterfaceOrientationPortrait UIInterfaceOrientationPortraitUpsideDown UIInterfaceOrientationLandscapeLeft UIInterfaceOrientationLandscapeRight";
				INFOPLIST_KEY_UISupportedInterfaceOrientations_iPhone = "UIInterfaceOrientationPortrait UIInterfaceOrientationLandscapeLeft UIInterfaceOrientationLandscapeRight";
				IPHONEOS_DEPLOYMENT_TARGET = 15.0;
				LD_RUNPATH_SEARCH_PATHS = (
					"$(inherited)",
					"@executable_path/Frameworks",
				);
				MARKETING_VERSION = 1.0;
				PRODUCT_BUNDLE_IDENTIFIER = dalalbinhumaid.Checkly;
				PRODUCT_NAME = "$(TARGET_NAME)";
				SWIFT_EMIT_LOC_STRINGS = YES;
				SWIFT_VERSION = 5.0;
				TARGETED_DEVICE_FAMILY = "1,2";
			};
			name = Debug;
		};
		7149E90727A87213008E3553 /* Release */ = {
			isa = XCBuildConfiguration;
			buildSettings = {
				ASSETCATALOG_COMPILER_APPICON_NAME = AppIcon;
				ASSETCATALOG_COMPILER_GLOBAL_ACCENT_COLOR_NAME = AccentColor;
				CODE_SIGN_STYLE = Automatic;
				CURRENT_PROJECT_VERSION = 1;
				DEVELOPMENT_ASSET_PATHS = "\"Checkly/Preview Content\"";
				DEVELOPMENT_TEAM = 9VU9NLXSDT;
				ENABLE_PREVIEWS = YES;
				GENERATE_INFOPLIST_FILE = YES;
				INFOPLIST_KEY_NSFaceIDUsageDescription = "Allow FaceID to access user credentials";
				INFOPLIST_KEY_UIApplicationSceneManifest_Generation = YES;
				INFOPLIST_KEY_UIApplicationSupportsIndirectInputEvents = YES;
				INFOPLIST_KEY_UILaunchScreen_Generation = YES;
				INFOPLIST_KEY_UISupportedInterfaceOrientations_iPad = "UIInterfaceOrientationPortrait UIInterfaceOrientationPortraitUpsideDown UIInterfaceOrientationLandscapeLeft UIInterfaceOrientationLandscapeRight";
				INFOPLIST_KEY_UISupportedInterfaceOrientations_iPhone = "UIInterfaceOrientationPortrait UIInterfaceOrientationLandscapeLeft UIInterfaceOrientationLandscapeRight";
				IPHONEOS_DEPLOYMENT_TARGET = 15.0;
				LD_RUNPATH_SEARCH_PATHS = (
					"$(inherited)",
					"@executable_path/Frameworks",
				);
				MARKETING_VERSION = 1.0;
				PRODUCT_BUNDLE_IDENTIFIER = dalalbinhumaid.Checkly;
				PRODUCT_NAME = "$(TARGET_NAME)";
				SWIFT_EMIT_LOC_STRINGS = YES;
				SWIFT_VERSION = 5.0;
				TARGETED_DEVICE_FAMILY = "1,2";
			};
			name = Release;
		};
/* End XCBuildConfiguration section */

/* Begin XCConfigurationList section */
		7149E8F227A8720A008E3553 /* Build configuration list for PBXProject "Checkly" */ = {
			isa = XCConfigurationList;
			buildConfigurations = (
				7149E90327A87213008E3553 /* Debug */,
				7149E90427A87213008E3553 /* Release */,
			);
			defaultConfigurationIsVisible = 0;
			defaultConfigurationName = Release;
		};
		7149E90527A87213008E3553 /* Build configuration list for PBXNativeTarget "Checkly" */ = {
			isa = XCConfigurationList;
			buildConfigurations = (
				7149E90627A87213008E3553 /* Debug */,
				7149E90727A87213008E3553 /* Release */,
			);
			defaultConfigurationIsVisible = 0;
			defaultConfigurationName = Release;
		};
/* End XCConfigurationList section */

/* Begin XCRemoteSwiftPackageReference section */
		71C62C7027AC286900C573E7 /* XCRemoteSwiftPackageReference "firebase-ios-sdk" */ = {
			isa = XCRemoteSwiftPackageReference;
			repositoryURL = "https://github.com/firebase/firebase-ios-sdk.git";
			requirement = {
				kind = upToNextMajorVersion;
				minimumVersion = 8.0.0;
			};
		};
		71D09A5A27A9A02900DA2D1D /* XCRemoteSwiftPackageReference "SwiftKeychainWrapper" */ = {
			isa = XCRemoteSwiftPackageReference;
			repositoryURL = "https://github.com/jrendel/SwiftKeychainWrapper";
			requirement = {
				kind = upToNextMajorVersion;
				minimumVersion = 4.0.0;
			};
		};
/* End XCRemoteSwiftPackageReference section */

/* Begin XCSwiftPackageProductDependency section */
		71C62C7127AC286900C573E7 /* FirebaseAuth */ = {
			isa = XCSwiftPackageProductDependency;
			package = 71C62C7027AC286900C573E7 /* XCRemoteSwiftPackageReference "firebase-ios-sdk" */;
			productName = FirebaseAuth;
		};
		71C62C7327AC286900C573E7 /* FirebaseAuthCombine-Community */ = {
			isa = XCSwiftPackageProductDependency;
			package = 71C62C7027AC286900C573E7 /* XCRemoteSwiftPackageReference "firebase-ios-sdk" */;
			productName = "FirebaseAuthCombine-Community";
		};
		71C62C7527AC286900C573E7 /* FirebaseDatabase */ = {
			isa = XCSwiftPackageProductDependency;
			package = 71C62C7027AC286900C573E7 /* XCRemoteSwiftPackageReference "firebase-ios-sdk" */;
			productName = FirebaseDatabase;
		};
		71C62C7727AC286900C573E7 /* FirebaseDatabaseSwift-Beta */ = {
			isa = XCSwiftPackageProductDependency;
			package = 71C62C7027AC286900C573E7 /* XCRemoteSwiftPackageReference "firebase-ios-sdk" */;
			productName = "FirebaseDatabaseSwift-Beta";
		};
		71C62C7927AC286900C573E7 /* FirebaseFirestore */ = {
			isa = XCSwiftPackageProductDependency;
			package = 71C62C7027AC286900C573E7 /* XCRemoteSwiftPackageReference "firebase-ios-sdk" */;
			productName = FirebaseFirestore;
		};
		71C62C7B27AC286900C573E7 /* FirebaseFirestoreCombine-Community */ = {
			isa = XCSwiftPackageProductDependency;
			package = 71C62C7027AC286900C573E7 /* XCRemoteSwiftPackageReference "firebase-ios-sdk" */;
			productName = "FirebaseFirestoreCombine-Community";
		};
		71C62C7D27AC286900C573E7 /* FirebaseFirestoreSwift-Beta */ = {
			isa = XCSwiftPackageProductDependency;
			package = 71C62C7027AC286900C573E7 /* XCRemoteSwiftPackageReference "firebase-ios-sdk" */;
			productName = "FirebaseFirestoreSwift-Beta";
		};
		71D09A5B27A9A02A00DA2D1D /* SwiftKeychainWrapper */ = {
			isa = XCSwiftPackageProductDependency;
			package = 71D09A5A27A9A02900DA2D1D /* XCRemoteSwiftPackageReference "SwiftKeychainWrapper" */;
			productName = SwiftKeychainWrapper;
		};
/* End XCSwiftPackageProductDependency section */
	};
	rootObject = 7149E8EF27A8720A008E3553 /* Project object */;
}
