// !$*UTF8*$!
{
	archiveVersion = 1;
	classes = {
	};
	objectVersion = 55;
	objects = {

/* Begin PBXBuildFile section */
		7149E8FB27A8720A008E3553 /* ChecklyApp.swift in Sources */ = {isa = PBXBuildFile; fileRef = 7149E8FA27A8720A008E3553 /* ChecklyApp.swift */; };
		7149E8FD27A8720A008E3553 /* LoginView.swift in Sources */ = {isa = PBXBuildFile; fileRef = 7149E8FC27A8720A008E3553 /* LoginView.swift */; };
		7149E8FF27A87213008E3553 /* Assets.xcassets in Resources */ = {isa = PBXBuildFile; fileRef = 7149E8FE27A87213008E3553 /* Assets.xcassets */; };
		7149E90227A87213008E3553 /* Preview Assets.xcassets in Resources */ = {isa = PBXBuildFile; fileRef = 7149E90127A87213008E3553 /* Preview Assets.xcassets */; };
		7149E90E27A8747B008E3553 /* GoogleService-Info.plist in Resources */ = {isa = PBXBuildFile; fileRef = 7149E90D27A8747B008E3553 /* GoogleService-Info.plist */; };
		7149E91227A96FCA008E3553 /* Credentials.swift in Sources */ = {isa = PBXBuildFile; fileRef = 7149E91127A96FCA008E3553 /* Credentials.swift */; };
		7149E91427A977D7008E3553 /* ContentView.swift in Sources */ = {isa = PBXBuildFile; fileRef = 7149E91327A977D6008E3553 /* ContentView.swift */; };
		7149E91827A985BC008E3553 /* Authentication.swift in Sources */ = {isa = PBXBuildFile; fileRef = 7149E91727A985BC008E3553 /* Authentication.swift */; };
		7149E91A27A987DE008E3553 /* LoginModel.swift in Sources */ = {isa = PBXBuildFile; fileRef = 7149E91927A987DD008E3553 /* LoginModel.swift */; };
		71D09A5C27A9A02A00DA2D1D /* SwiftKeychainWrapper in Frameworks */ = {isa = PBXBuildFile; productRef = 71D09A5B27A9A02A00DA2D1D /* SwiftKeychainWrapper */; };
		71D09A5E27A9A0AA00DA2D1D /* KeychainStorage.swift in Sources */ = {isa = PBXBuildFile; fileRef = 71D09A5D27A9A0A900DA2D1D /* KeychainStorage.swift */; };
		DA9CF60827CFA5D000B6ED09 /* FirebaseAnalytics in Frameworks */ = {isa = PBXBuildFile; productRef = DA9CF60727CFA5D000B6ED09 /* FirebaseAnalytics */; };
		DA9CF60A27CFA5D000B6ED09 /* FirebaseAnalyticsSwift-Beta in Frameworks */ = {isa = PBXBuildFile; productRef = DA9CF60927CFA5D000B6ED09 /* FirebaseAnalyticsSwift-Beta */; };
		DA9CF60C27CFA5D000B6ED09 /* FirebaseAnalyticsWithoutAdIdSupport in Frameworks */ = {isa = PBXBuildFile; productRef = DA9CF60B27CFA5D000B6ED09 /* FirebaseAnalyticsWithoutAdIdSupport */; };
		DA9CF60E27CFA5D000B6ED09 /* FirebaseAppCheck in Frameworks */ = {isa = PBXBuildFile; productRef = DA9CF60D27CFA5D000B6ED09 /* FirebaseAppCheck */; };
		DA9CF61027CFA5D000B6ED09 /* FirebaseAppDistribution-Beta in Frameworks */ = {isa = PBXBuildFile; productRef = DA9CF60F27CFA5D000B6ED09 /* FirebaseAppDistribution-Beta */; };
		DA9CF61227CFA5D000B6ED09 /* FirebaseAuth in Frameworks */ = {isa = PBXBuildFile; productRef = DA9CF61127CFA5D000B6ED09 /* FirebaseAuth */; };
		DA9CF61427CFA5D000B6ED09 /* FirebaseAuthCombine-Community in Frameworks */ = {isa = PBXBuildFile; productRef = DA9CF61327CFA5D000B6ED09 /* FirebaseAuthCombine-Community */; };
		DA9CF61627CFA5D000B6ED09 /* FirebaseCrashlytics in Frameworks */ = {isa = PBXBuildFile; productRef = DA9CF61527CFA5D000B6ED09 /* FirebaseCrashlytics */; };
		DA9CF61827CFA5D000B6ED09 /* FirebaseDatabase in Frameworks */ = {isa = PBXBuildFile; productRef = DA9CF61727CFA5D000B6ED09 /* FirebaseDatabase */; };
		DA9CF61A27CFA5D000B6ED09 /* FirebaseDatabaseSwift-Beta in Frameworks */ = {isa = PBXBuildFile; productRef = DA9CF61927CFA5D000B6ED09 /* FirebaseDatabaseSwift-Beta */; };
		DA9CF61C27CFA5D000B6ED09 /* FirebaseDynamicLinks in Frameworks */ = {isa = PBXBuildFile; productRef = DA9CF61B27CFA5D000B6ED09 /* FirebaseDynamicLinks */; };
		DA9CF61E27CFA5D000B6ED09 /* FirebaseFirestore in Frameworks */ = {isa = PBXBuildFile; productRef = DA9CF61D27CFA5D000B6ED09 /* FirebaseFirestore */; };
		DA9CF62027CFA5D000B6ED09 /* FirebaseFirestoreCombine-Community in Frameworks */ = {isa = PBXBuildFile; productRef = DA9CF61F27CFA5D000B6ED09 /* FirebaseFirestoreCombine-Community */; };
		DA9CF62227CFA5D000B6ED09 /* FirebaseFirestoreSwift-Beta in Frameworks */ = {isa = PBXBuildFile; productRef = DA9CF62127CFA5D000B6ED09 /* FirebaseFirestoreSwift-Beta */; };
		DA9CF62427CFA5D000B6ED09 /* FirebaseFunctions in Frameworks */ = {isa = PBXBuildFile; productRef = DA9CF62327CFA5D000B6ED09 /* FirebaseFunctions */; };
		DA9CF62627CFA5D000B6ED09 /* FirebaseFunctionsCombine-Community in Frameworks */ = {isa = PBXBuildFile; productRef = DA9CF62527CFA5D000B6ED09 /* FirebaseFunctionsCombine-Community */; };
		DA9CF62827CFA5D000B6ED09 /* FirebaseFunctionsSwift-Beta in Frameworks */ = {isa = PBXBuildFile; productRef = DA9CF62727CFA5D000B6ED09 /* FirebaseFunctionsSwift-Beta */; };
		DA9CF62A27CFA5D000B6ED09 /* FirebaseInAppMessaging-Beta in Frameworks */ = {isa = PBXBuildFile; productRef = DA9CF62927CFA5D000B6ED09 /* FirebaseInAppMessaging-Beta */; };
		DA9CF62C27CFA5D000B6ED09 /* FirebaseInAppMessagingSwift-Beta in Frameworks */ = {isa = PBXBuildFile; productRef = DA9CF62B27CFA5D000B6ED09 /* FirebaseInAppMessagingSwift-Beta */; };
		DA9CF62E27CFA5D000B6ED09 /* FirebaseInstallations in Frameworks */ = {isa = PBXBuildFile; productRef = DA9CF62D27CFA5D000B6ED09 /* FirebaseInstallations */; };
		DA9CF63027CFA5D000B6ED09 /* FirebaseMLModelDownloader in Frameworks */ = {isa = PBXBuildFile; productRef = DA9CF62F27CFA5D000B6ED09 /* FirebaseMLModelDownloader */; };
		DA9CF63227CFA5D000B6ED09 /* FirebaseMessaging in Frameworks */ = {isa = PBXBuildFile; productRef = DA9CF63127CFA5D000B6ED09 /* FirebaseMessaging */; };
		DA9CF63427CFA5D000B6ED09 /* FirebasePerformance in Frameworks */ = {isa = PBXBuildFile; productRef = DA9CF63327CFA5D000B6ED09 /* FirebasePerformance */; };
		DA9CF63627CFA5D000B6ED09 /* FirebaseRemoteConfig in Frameworks */ = {isa = PBXBuildFile; productRef = DA9CF63527CFA5D000B6ED09 /* FirebaseRemoteConfig */; };
		DA9CF63827CFA5D000B6ED09 /* FirebaseRemoteConfigSwift-Beta in Frameworks */ = {isa = PBXBuildFile; productRef = DA9CF63727CFA5D000B6ED09 /* FirebaseRemoteConfigSwift-Beta */; };
		DA9CF63A27CFA5D000B6ED09 /* FirebaseStorage in Frameworks */ = {isa = PBXBuildFile; productRef = DA9CF63927CFA5D000B6ED09 /* FirebaseStorage */; };
		DA9CF63C27CFA5D000B6ED09 /* FirebaseStorageCombine-Community in Frameworks */ = {isa = PBXBuildFile; productRef = DA9CF63B27CFA5D000B6ED09 /* FirebaseStorageCombine-Community */; };
		DA9CF63E27CFA5D000B6ED09 /* FirebaseStorageSwift-Beta in Frameworks */ = {isa = PBXBuildFile; productRef = DA9CF63D27CFA5D000B6ED09 /* FirebaseStorageSwift-Beta */; };
		DA9CF64027CFA6BC00B6ED09 /* attendanceHistoryView.swift in Sources */ = {isa = PBXBuildFile; fileRef = DA9CF63F27CFA6BB00B6ED09 /* attendanceHistoryView.swift */; };
/* End PBXBuildFile section */

/* Begin PBXFileReference section */
		7149E8F727A8720A008E3553 /* Checkly.app */ = {isa = PBXFileReference; explicitFileType = wrapper.application; includeInIndex = 0; path = Checkly.app; sourceTree = BUILT_PRODUCTS_DIR; };
		7149E8FA27A8720A008E3553 /* ChecklyApp.swift */ = {isa = PBXFileReference; lastKnownFileType = sourcecode.swift; path = ChecklyApp.swift; sourceTree = "<group>"; };
		7149E8FC27A8720A008E3553 /* LoginView.swift */ = {isa = PBXFileReference; lastKnownFileType = sourcecode.swift; path = LoginView.swift; sourceTree = "<group>"; };
		7149E8FE27A87213008E3553 /* Assets.xcassets */ = {isa = PBXFileReference; lastKnownFileType = folder.assetcatalog; path = Assets.xcassets; sourceTree = "<group>"; };
		7149E90127A87213008E3553 /* Preview Assets.xcassets */ = {isa = PBXFileReference; lastKnownFileType = folder.assetcatalog; path = "Preview Assets.xcassets"; sourceTree = "<group>"; };
		7149E90D27A8747B008E3553 /* GoogleService-Info.plist */ = {isa = PBXFileReference; fileEncoding = 4; lastKnownFileType = text.plist.xml; path = "GoogleService-Info.plist"; sourceTree = "<group>"; };
		7149E91127A96FCA008E3553 /* Credentials.swift */ = {isa = PBXFileReference; lastKnownFileType = sourcecode.swift; path = Credentials.swift; sourceTree = "<group>"; };
		7149E91327A977D6008E3553 /* ContentView.swift */ = {isa = PBXFileReference; lastKnownFileType = sourcecode.swift; path = ContentView.swift; sourceTree = "<group>"; };
		7149E91727A985BC008E3553 /* Authentication.swift */ = {isa = PBXFileReference; lastKnownFileType = sourcecode.swift; path = Authentication.swift; sourceTree = "<group>"; };
		7149E91927A987DD008E3553 /* LoginModel.swift */ = {isa = PBXFileReference; lastKnownFileType = sourcecode.swift; path = LoginModel.swift; sourceTree = "<group>"; };
		71D09A5D27A9A0A900DA2D1D /* KeychainStorage.swift */ = {isa = PBXFileReference; lastKnownFileType = sourcecode.swift; path = KeychainStorage.swift; sourceTree = "<group>"; };
		DA9CF63F27CFA6BB00B6ED09 /* attendanceHistoryView.swift */ = {isa = PBXFileReference; lastKnownFileType = sourcecode.swift; path = attendanceHistoryView.swift; sourceTree = "<group>"; };
/* End PBXFileReference section */

/* Begin PBXFrameworksBuildPhase section */
		7149E8F427A8720A008E3553 /* Frameworks */ = {
			isa = PBXFrameworksBuildPhase;
			buildActionMask = 2147483647;
			files = (
				DA9CF61827CFA5D000B6ED09 /* FirebaseDatabase in Frameworks */,
				DA9CF62827CFA5D000B6ED09 /* FirebaseFunctionsSwift-Beta in Frameworks */,
				DA9CF62C27CFA5D000B6ED09 /* FirebaseInAppMessagingSwift-Beta in Frameworks */,
				DA9CF63227CFA5D000B6ED09 /* FirebaseMessaging in Frameworks */,
				DA9CF62627CFA5D000B6ED09 /* FirebaseFunctionsCombine-Community in Frameworks */,
				DA9CF61E27CFA5D000B6ED09 /* FirebaseFirestore in Frameworks */,
				DA9CF60A27CFA5D000B6ED09 /* FirebaseAnalyticsSwift-Beta in Frameworks */,
				DA9CF60827CFA5D000B6ED09 /* FirebaseAnalytics in Frameworks */,
				DA9CF63027CFA5D000B6ED09 /* FirebaseMLModelDownloader in Frameworks */,
				71D09A5C27A9A02A00DA2D1D /* SwiftKeychainWrapper in Frameworks */,
				DA9CF60E27CFA5D000B6ED09 /* FirebaseAppCheck in Frameworks */,
				DA9CF60C27CFA5D000B6ED09 /* FirebaseAnalyticsWithoutAdIdSupport in Frameworks */,
				DA9CF61227CFA5D000B6ED09 /* FirebaseAuth in Frameworks */,
				DA9CF63E27CFA5D000B6ED09 /* FirebaseStorageSwift-Beta in Frameworks */,
				DA9CF61627CFA5D000B6ED09 /* FirebaseCrashlytics in Frameworks */,
				DA9CF63427CFA5D000B6ED09 /* FirebasePerformance in Frameworks */,
				DA9CF62A27CFA5D000B6ED09 /* FirebaseInAppMessaging-Beta in Frameworks */,
				DA9CF61A27CFA5D000B6ED09 /* FirebaseDatabaseSwift-Beta in Frameworks */,
				DA9CF63827CFA5D000B6ED09 /* FirebaseRemoteConfigSwift-Beta in Frameworks */,
				DA9CF61027CFA5D000B6ED09 /* FirebaseAppDistribution-Beta in Frameworks */,
				DA9CF62E27CFA5D000B6ED09 /* FirebaseInstallations in Frameworks */,
				DA9CF63A27CFA5D000B6ED09 /* FirebaseStorage in Frameworks */,
				DA9CF63627CFA5D000B6ED09 /* FirebaseRemoteConfig in Frameworks */,
				DA9CF63C27CFA5D000B6ED09 /* FirebaseStorageCombine-Community in Frameworks */,
				DA9CF62427CFA5D000B6ED09 /* FirebaseFunctions in Frameworks */,
				DA9CF61427CFA5D000B6ED09 /* FirebaseAuthCombine-Community in Frameworks */,
				DA9CF62227CFA5D000B6ED09 /* FirebaseFirestoreSwift-Beta in Frameworks */,
				DA9CF61C27CFA5D000B6ED09 /* FirebaseDynamicLinks in Frameworks */,
				DA9CF62027CFA5D000B6ED09 /* FirebaseFirestoreCombine-Community in Frameworks */,
			);
			runOnlyForDeploymentPostprocessing = 0;
		};
/* End PBXFrameworksBuildPhase section */

/* Begin PBXGroup section */
		7149E8EE27A8720A008E3553 = {
			isa = PBXGroup;
			children = (
				7149E8F927A8720A008E3553 /* Checkly */,
				7149E8F827A8720A008E3553 /* Products */,
			);
			sourceTree = "<group>";
		};
		7149E8F827A8720A008E3553 /* Products */ = {
			isa = PBXGroup;
			children = (
				7149E8F727A8720A008E3553 /* Checkly.app */,
			);
			name = Products;
			sourceTree = "<group>";
		};
		7149E8F927A8720A008E3553 /* Checkly */ = {
			isa = PBXGroup;
			children = (
				71D09A5F27A9A0CC00DA2D1D /* Services */,
				7149E91027A96F92008E3553 /* Models */,
				7149E90F27A96F71008E3553 /* Views */,
				7149E8FA27A8720A008E3553 /* ChecklyApp.swift */,
				7149E91727A985BC008E3553 /* Authentication.swift */,
				DA9CF63F27CFA6BB00B6ED09 /* attendanceHistoryView.swift */,
				7149E90D27A8747B008E3553 /* GoogleService-Info.plist */,
				7149E8FE27A87213008E3553 /* Assets.xcassets */,
				7149E90027A87213008E3553 /* Preview Content */,
			);
			path = Checkly;
			sourceTree = "<group>";
		};
		7149E90027A87213008E3553 /* Preview Content */ = {
			isa = PBXGroup;
			children = (
				7149E90127A87213008E3553 /* Preview Assets.xcassets */,
			);
			path = "Preview Content";
			sourceTree = "<group>";
		};
		7149E90F27A96F71008E3553 /* Views */ = {
			isa = PBXGroup;
			children = (
				7149E91327A977D6008E3553 /* ContentView.swift */,
				7149E8FC27A8720A008E3553 /* LoginView.swift */,
			);
			path = Views;
			sourceTree = "<group>";
		};
		7149E91027A96F92008E3553 /* Models */ = {
			isa = PBXGroup;
			children = (
				7149E91127A96FCA008E3553 /* Credentials.swift */,
				7149E91927A987DD008E3553 /* LoginModel.swift */,
			);
			path = Models;
			sourceTree = "<group>";
		};
		71D09A5F27A9A0CC00DA2D1D /* Services */ = {
			isa = PBXGroup;
			children = (
				71D09A5D27A9A0A900DA2D1D /* KeychainStorage.swift */,
			);
			path = Services;
			sourceTree = "<group>";
		};
/* End PBXGroup section */

/* Begin PBXNativeTarget section */
		7149E8F627A8720A008E3553 /* Checkly */ = {
			isa = PBXNativeTarget;
			buildConfigurationList = 7149E90527A87213008E3553 /* Build configuration list for PBXNativeTarget "Checkly" */;
			buildPhases = (
				7149E8F327A8720A008E3553 /* Sources */,
				7149E8F427A8720A008E3553 /* Frameworks */,
				7149E8F527A8720A008E3553 /* Resources */,
			);
			buildRules = (
			);
			dependencies = (
			);
			name = Checkly;
			packageProductDependencies = (
				71D09A5B27A9A02A00DA2D1D /* SwiftKeychainWrapper */,
				DA9CF60727CFA5D000B6ED09 /* FirebaseAnalytics */,
				DA9CF60927CFA5D000B6ED09 /* FirebaseAnalyticsSwift-Beta */,
				DA9CF60B27CFA5D000B6ED09 /* FirebaseAnalyticsWithoutAdIdSupport */,
				DA9CF60D27CFA5D000B6ED09 /* FirebaseAppCheck */,
				DA9CF60F27CFA5D000B6ED09 /* FirebaseAppDistribution-Beta */,
				DA9CF61127CFA5D000B6ED09 /* FirebaseAuth */,
				DA9CF61327CFA5D000B6ED09 /* FirebaseAuthCombine-Community */,
				DA9CF61527CFA5D000B6ED09 /* FirebaseCrashlytics */,
				DA9CF61727CFA5D000B6ED09 /* FirebaseDatabase */,
				DA9CF61927CFA5D000B6ED09 /* FirebaseDatabaseSwift-Beta */,
				DA9CF61B27CFA5D000B6ED09 /* FirebaseDynamicLinks */,
				DA9CF61D27CFA5D000B6ED09 /* FirebaseFirestore */,
				DA9CF61F27CFA5D000B6ED09 /* FirebaseFirestoreCombine-Community */,
				DA9CF62127CFA5D000B6ED09 /* FirebaseFirestoreSwift-Beta */,
				DA9CF62327CFA5D000B6ED09 /* FirebaseFunctions */,
				DA9CF62527CFA5D000B6ED09 /* FirebaseFunctionsCombine-Community */,
				DA9CF62727CFA5D000B6ED09 /* FirebaseFunctionsSwift-Beta */,
				DA9CF62927CFA5D000B6ED09 /* FirebaseInAppMessaging-Beta */,
				DA9CF62B27CFA5D000B6ED09 /* FirebaseInAppMessagingSwift-Beta */,
				DA9CF62D27CFA5D000B6ED09 /* FirebaseInstallations */,
				DA9CF62F27CFA5D000B6ED09 /* FirebaseMLModelDownloader */,
				DA9CF63127CFA5D000B6ED09 /* FirebaseMessaging */,
				DA9CF63327CFA5D000B6ED09 /* FirebasePerformance */,
				DA9CF63527CFA5D000B6ED09 /* FirebaseRemoteConfig */,
				DA9CF63727CFA5D000B6ED09 /* FirebaseRemoteConfigSwift-Beta */,
				DA9CF63927CFA5D000B6ED09 /* FirebaseStorage */,
				DA9CF63B27CFA5D000B6ED09 /* FirebaseStorageCombine-Community */,
				DA9CF63D27CFA5D000B6ED09 /* FirebaseStorageSwift-Beta */,
			);
			productName = Checkly;
			productReference = 7149E8F727A8720A008E3553 /* Checkly.app */;
			productType = "com.apple.product-type.application";
		};
/* End PBXNativeTarget section */

/* Begin PBXProject section */
		7149E8EF27A8720A008E3553 /* Project object */ = {
			isa = PBXProject;
			attributes = {
				BuildIndependentTargetsInParallel = 1;
				LastSwiftUpdateCheck = 1310;
				LastUpgradeCheck = 1310;
				TargetAttributes = {
					7149E8F627A8720A008E3553 = {
						CreatedOnToolsVersion = 13.1;
					};
				};
			};
			buildConfigurationList = 7149E8F227A8720A008E3553 /* Build configuration list for PBXProject "Checkly" */;
			compatibilityVersion = "Xcode 13.0";
			developmentRegion = en;
			hasScannedForEncodings = 0;
			knownRegions = (
				en,
				Base,
			);
			mainGroup = 7149E8EE27A8720A008E3553;
			packageReferences = (
				71D09A5A27A9A02900DA2D1D /* XCRemoteSwiftPackageReference "SwiftKeychainWrapper" */,
				DA9CF60627CFA5D000B6ED09 /* XCRemoteSwiftPackageReference "firebase-ios-sdk" */,
			);
			productRefGroup = 7149E8F827A8720A008E3553 /* Products */;
			projectDirPath = "";
			projectRoot = "";
			targets = (
				7149E8F627A8720A008E3553 /* Checkly */,
			);
		};
/* End PBXProject section */

/* Begin PBXResourcesBuildPhase section */
		7149E8F527A8720A008E3553 /* Resources */ = {
			isa = PBXResourcesBuildPhase;
			buildActionMask = 2147483647;
			files = (
				7149E90227A87213008E3553 /* Preview Assets.xcassets in Resources */,
				7149E8FF27A87213008E3553 /* Assets.xcassets in Resources */,
				7149E90E27A8747B008E3553 /* GoogleService-Info.plist in Resources */,
			);
			runOnlyForDeploymentPostprocessing = 0;
		};
/* End PBXResourcesBuildPhase section */

/* Begin PBXSourcesBuildPhase section */
		7149E8F327A8720A008E3553 /* Sources */ = {
			isa = PBXSourcesBuildPhase;
			buildActionMask = 2147483647;
			files = (
				7149E8FD27A8720A008E3553 /* LoginView.swift in Sources */,
				71D09A5E27A9A0AA00DA2D1D /* KeychainStorage.swift in Sources */,
				DA9CF64027CFA6BC00B6ED09 /* attendanceHistoryView.swift in Sources */,
				7149E91A27A987DE008E3553 /* LoginModel.swift in Sources */,
				7149E91227A96FCA008E3553 /* Credentials.swift in Sources */,
				7149E91427A977D7008E3553 /* ContentView.swift in Sources */,
				7149E8FB27A8720A008E3553 /* ChecklyApp.swift in Sources */,
				7149E91827A985BC008E3553 /* Authentication.swift in Sources */,
			);
			runOnlyForDeploymentPostprocessing = 0;
		};
/* End PBXSourcesBuildPhase section */

/* Begin XCBuildConfiguration section */
		7149E90327A87213008E3553 /* Debug */ = {
			isa = XCBuildConfiguration;
			buildSettings = {
				ALWAYS_SEARCH_USER_PATHS = NO;
				CLANG_ANALYZER_NONNULL = YES;
				CLANG_ANALYZER_NUMBER_OBJECT_CONVERSION = YES_AGGRESSIVE;
				CLANG_CXX_LANGUAGE_STANDARD = "gnu++17";
				CLANG_CXX_LIBRARY = "libc++";
				CLANG_ENABLE_MODULES = YES;
				CLANG_ENABLE_OBJC_ARC = YES;
				CLANG_ENABLE_OBJC_WEAK = YES;
				CLANG_WARN_BLOCK_CAPTURE_AUTORELEASING = YES;
				CLANG_WARN_BOOL_CONVERSION = YES;
				CLANG_WARN_COMMA = YES;
				CLANG_WARN_CONSTANT_CONVERSION = YES;
				CLANG_WARN_DEPRECATED_OBJC_IMPLEMENTATIONS = YES;
				CLANG_WARN_DIRECT_OBJC_ISA_USAGE = YES_ERROR;
				CLANG_WARN_DOCUMENTATION_COMMENTS = YES;
				CLANG_WARN_EMPTY_BODY = YES;
				CLANG_WARN_ENUM_CONVERSION = YES;
				CLANG_WARN_INFINITE_RECURSION = YES;
				CLANG_WARN_INT_CONVERSION = YES;
				CLANG_WARN_NON_LITERAL_NULL_CONVERSION = YES;
				CLANG_WARN_OBJC_IMPLICIT_RETAIN_SELF = YES;
				CLANG_WARN_OBJC_LITERAL_CONVERSION = YES;
				CLANG_WARN_OBJC_ROOT_CLASS = YES_ERROR;
				CLANG_WARN_QUOTED_INCLUDE_IN_FRAMEWORK_HEADER = YES;
				CLANG_WARN_RANGE_LOOP_ANALYSIS = YES;
				CLANG_WARN_STRICT_PROTOTYPES = YES;
				CLANG_WARN_SUSPICIOUS_MOVE = YES;
				CLANG_WARN_UNGUARDED_AVAILABILITY = YES_AGGRESSIVE;
				CLANG_WARN_UNREACHABLE_CODE = YES;
				CLANG_WARN__DUPLICATE_METHOD_MATCH = YES;
				COPY_PHASE_STRIP = NO;
				DEBUG_INFORMATION_FORMAT = dwarf;
				ENABLE_STRICT_OBJC_MSGSEND = YES;
				ENABLE_TESTABILITY = YES;
				GCC_C_LANGUAGE_STANDARD = gnu11;
				GCC_DYNAMIC_NO_PIC = NO;
				GCC_NO_COMMON_BLOCKS = YES;
				GCC_OPTIMIZATION_LEVEL = 0;
				GCC_PREPROCESSOR_DEFINITIONS = (
					"DEBUG=1",
					"$(inherited)",
				);
				GCC_WARN_64_TO_32_BIT_CONVERSION = YES;
				GCC_WARN_ABOUT_RETURN_TYPE = YES_ERROR;
				GCC_WARN_UNDECLARED_SELECTOR = YES;
				GCC_WARN_UNINITIALIZED_AUTOS = YES_AGGRESSIVE;
				GCC_WARN_UNUSED_FUNCTION = YES;
				GCC_WARN_UNUSED_VARIABLE = YES;
				IPHONEOS_DEPLOYMENT_TARGET = 15.0;
				MTL_ENABLE_DEBUG_INFO = INCLUDE_SOURCE;
				MTL_FAST_MATH = YES;
				ONLY_ACTIVE_ARCH = YES;
				SDKROOT = iphoneos;
				SWIFT_ACTIVE_COMPILATION_CONDITIONS = DEBUG;
				SWIFT_OPTIMIZATION_LEVEL = "-Onone";
			};
			name = Debug;
		};
		7149E90427A87213008E3553 /* Release */ = {
			isa = XCBuildConfiguration;
			buildSettings = {
				ALWAYS_SEARCH_USER_PATHS = NO;
				CLANG_ANALYZER_NONNULL = YES;
				CLANG_ANALYZER_NUMBER_OBJECT_CONVERSION = YES_AGGRESSIVE;
				CLANG_CXX_LANGUAGE_STANDARD = "gnu++17";
				CLANG_CXX_LIBRARY = "libc++";
				CLANG_ENABLE_MODULES = YES;
				CLANG_ENABLE_OBJC_ARC = YES;
				CLANG_ENABLE_OBJC_WEAK = YES;
				CLANG_WARN_BLOCK_CAPTURE_AUTORELEASING = YES;
				CLANG_WARN_BOOL_CONVERSION = YES;
				CLANG_WARN_COMMA = YES;
				CLANG_WARN_CONSTANT_CONVERSION = YES;
				CLANG_WARN_DEPRECATED_OBJC_IMPLEMENTATIONS = YES;
				CLANG_WARN_DIRECT_OBJC_ISA_USAGE = YES_ERROR;
				CLANG_WARN_DOCUMENTATION_COMMENTS = YES;
				CLANG_WARN_EMPTY_BODY = YES;
				CLANG_WARN_ENUM_CONVERSION = YES;
				CLANG_WARN_INFINITE_RECURSION = YES;
				CLANG_WARN_INT_CONVERSION = YES;
				CLANG_WARN_NON_LITERAL_NULL_CONVERSION = YES;
				CLANG_WARN_OBJC_IMPLICIT_RETAIN_SELF = YES;
				CLANG_WARN_OBJC_LITERAL_CONVERSION = YES;
				CLANG_WARN_OBJC_ROOT_CLASS = YES_ERROR;
				CLANG_WARN_QUOTED_INCLUDE_IN_FRAMEWORK_HEADER = YES;
				CLANG_WARN_RANGE_LOOP_ANALYSIS = YES;
				CLANG_WARN_STRICT_PROTOTYPES = YES;
				CLANG_WARN_SUSPICIOUS_MOVE = YES;
				CLANG_WARN_UNGUARDED_AVAILABILITY = YES_AGGRESSIVE;
				CLANG_WARN_UNREACHABLE_CODE = YES;
				CLANG_WARN__DUPLICATE_METHOD_MATCH = YES;
				COPY_PHASE_STRIP = NO;
				DEBUG_INFORMATION_FORMAT = "dwarf-with-dsym";
				ENABLE_NS_ASSERTIONS = NO;
				ENABLE_STRICT_OBJC_MSGSEND = YES;
				GCC_C_LANGUAGE_STANDARD = gnu11;
				GCC_NO_COMMON_BLOCKS = YES;
				GCC_WARN_64_TO_32_BIT_CONVERSION = YES;
				GCC_WARN_ABOUT_RETURN_TYPE = YES_ERROR;
				GCC_WARN_UNDECLARED_SELECTOR = YES;
				GCC_WARN_UNINITIALIZED_AUTOS = YES_AGGRESSIVE;
				GCC_WARN_UNUSED_FUNCTION = YES;
				GCC_WARN_UNUSED_VARIABLE = YES;
				IPHONEOS_DEPLOYMENT_TARGET = 15.0;
				MTL_ENABLE_DEBUG_INFO = NO;
				MTL_FAST_MATH = YES;
				SDKROOT = iphoneos;
				SWIFT_COMPILATION_MODE = wholemodule;
				SWIFT_OPTIMIZATION_LEVEL = "-O";
				VALIDATE_PRODUCT = YES;
			};
			name = Release;
		};
		7149E90627A87213008E3553 /* Debug */ = {
			isa = XCBuildConfiguration;
			buildSettings = {
				ASSETCATALOG_COMPILER_APPICON_NAME = AppIcon;
				ASSETCATALOG_COMPILER_GLOBAL_ACCENT_COLOR_NAME = AccentColor;
				CODE_SIGN_STYLE = Automatic;
				CURRENT_PROJECT_VERSION = 1;
				DEVELOPMENT_ASSET_PATHS = "\"Checkly/Preview Content\"";
				DEVELOPMENT_TEAM = 3XY36RL6YG;
				ENABLE_PREVIEWS = YES;
				GENERATE_INFOPLIST_FILE = YES;
				INFOPLIST_KEY_NSFaceIDUsageDescription = "Allow FaceID to access user credentials";
				INFOPLIST_KEY_UIApplicationSceneManifest_Generation = YES;
				INFOPLIST_KEY_UIApplicationSupportsIndirectInputEvents = YES;
				INFOPLIST_KEY_UILaunchScreen_Generation = YES;
				INFOPLIST_KEY_UISupportedInterfaceOrientations_iPad = "UIInterfaceOrientationPortrait UIInterfaceOrientationPortraitUpsideDown UIInterfaceOrientationLandscapeLeft UIInterfaceOrientationLandscapeRight";
				INFOPLIST_KEY_UISupportedInterfaceOrientations_iPhone = "UIInterfaceOrientationPortrait UIInterfaceOrientationLandscapeLeft UIInterfaceOrientationLandscapeRight";
				LD_RUNPATH_SEARCH_PATHS = (
					"$(inherited)",
					"@executable_path/Frameworks",
				);
				MARKETING_VERSION = 1.0;
				PRODUCT_BUNDLE_IDENTIFIER = dalalbinhumaid.Checkly;
				PRODUCT_NAME = "$(TARGET_NAME)";
				SWIFT_EMIT_LOC_STRINGS = YES;
				SWIFT_VERSION = 5.0;
				TARGETED_DEVICE_FAMILY = "1,2";
			};
			name = Debug;
		};
		7149E90727A87213008E3553 /* Release */ = {
			isa = XCBuildConfiguration;
			buildSettings = {
				ASSETCATALOG_COMPILER_APPICON_NAME = AppIcon;
				ASSETCATALOG_COMPILER_GLOBAL_ACCENT_COLOR_NAME = AccentColor;
				CODE_SIGN_STYLE = Automatic;
				CURRENT_PROJECT_VERSION = 1;
				DEVELOPMENT_ASSET_PATHS = "\"Checkly/Preview Content\"";
				DEVELOPMENT_TEAM = 3XY36RL6YG;
				ENABLE_PREVIEWS = YES;
				GENERATE_INFOPLIST_FILE = YES;
				INFOPLIST_KEY_NSFaceIDUsageDescription = "Allow FaceID to access user credentials";
				INFOPLIST_KEY_UIApplicationSceneManifest_Generation = YES;
				INFOPLIST_KEY_UIApplicationSupportsIndirectInputEvents = YES;
				INFOPLIST_KEY_UILaunchScreen_Generation = YES;
				INFOPLIST_KEY_UISupportedInterfaceOrientations_iPad = "UIInterfaceOrientationPortrait UIInterfaceOrientationPortraitUpsideDown UIInterfaceOrientationLandscapeLeft UIInterfaceOrientationLandscapeRight";
				INFOPLIST_KEY_UISupportedInterfaceOrientations_iPhone = "UIInterfaceOrientationPortrait UIInterfaceOrientationLandscapeLeft UIInterfaceOrientationLandscapeRight";
				LD_RUNPATH_SEARCH_PATHS = (
					"$(inherited)",
					"@executable_path/Frameworks",
				);
				MARKETING_VERSION = 1.0;
				PRODUCT_BUNDLE_IDENTIFIER = dalalbinhumaid.Checkly;
				PRODUCT_NAME = "$(TARGET_NAME)";
				SWIFT_EMIT_LOC_STRINGS = YES;
				SWIFT_VERSION = 5.0;
				TARGETED_DEVICE_FAMILY = "1,2";
			};
			name = Release;
		};
/* End XCBuildConfiguration section */

/* Begin XCConfigurationList section */
		7149E8F227A8720A008E3553 /* Build configuration list for PBXProject "Checkly" */ = {
			isa = XCConfigurationList;
			buildConfigurations = (
				7149E90327A87213008E3553 /* Debug */,
				7149E90427A87213008E3553 /* Release */,
			);
			defaultConfigurationIsVisible = 0;
			defaultConfigurationName = Release;
		};
		7149E90527A87213008E3553 /* Build configuration list for PBXNativeTarget "Checkly" */ = {
			isa = XCConfigurationList;
			buildConfigurations = (
				7149E90627A87213008E3553 /* Debug */,
				7149E90727A87213008E3553 /* Release */,
			);
			defaultConfigurationIsVisible = 0;
			defaultConfigurationName = Release;
		};
/* End XCConfigurationList section */

/* Begin XCRemoteSwiftPackageReference section */
		71D09A5A27A9A02900DA2D1D /* XCRemoteSwiftPackageReference "SwiftKeychainWrapper" */ = {
			isa = XCRemoteSwiftPackageReference;
			repositoryURL = "https://github.com/jrendel/SwiftKeychainWrapper";
			requirement = {
				kind = upToNextMajorVersion;
				minimumVersion = 4.0.0;
			};
		};
		DA9CF60627CFA5D000B6ED09 /* XCRemoteSwiftPackageReference "firebase-ios-sdk" */ = {
			isa = XCRemoteSwiftPackageReference;
			repositoryURL = "https://github.com/firebase/firebase-ios-sdk";
			requirement = {
				kind = upToNextMajorVersion;
				minimumVersion = 8.0.0;
			};
		};
/* End XCRemoteSwiftPackageReference section */

/* Begin XCSwiftPackageProductDependency section */
		71D09A5B27A9A02A00DA2D1D /* SwiftKeychainWrapper */ = {
			isa = XCSwiftPackageProductDependency;
			package = 71D09A5A27A9A02900DA2D1D /* XCRemoteSwiftPackageReference "SwiftKeychainWrapper" */;
			productName = SwiftKeychainWrapper;
		};
		DA9CF60727CFA5D000B6ED09 /* FirebaseAnalytics */ = {
			isa = XCSwiftPackageProductDependency;
			package = DA9CF60627CFA5D000B6ED09 /* XCRemoteSwiftPackageReference "firebase-ios-sdk" */;
			productName = FirebaseAnalytics;
		};
		DA9CF60927CFA5D000B6ED09 /* FirebaseAnalyticsSwift-Beta */ = {
			isa = XCSwiftPackageProductDependency;
			package = DA9CF60627CFA5D000B6ED09 /* XCRemoteSwiftPackageReference "firebase-ios-sdk" */;
			productName = "FirebaseAnalyticsSwift-Beta";
		};
		DA9CF60B27CFA5D000B6ED09 /* FirebaseAnalyticsWithoutAdIdSupport */ = {
			isa = XCSwiftPackageProductDependency;
			package = DA9CF60627CFA5D000B6ED09 /* XCRemoteSwiftPackageReference "firebase-ios-sdk" */;
			productName = FirebaseAnalyticsWithoutAdIdSupport;
		};
		DA9CF60D27CFA5D000B6ED09 /* FirebaseAppCheck */ = {
			isa = XCSwiftPackageProductDependency;
			package = DA9CF60627CFA5D000B6ED09 /* XCRemoteSwiftPackageReference "firebase-ios-sdk" */;
			productName = FirebaseAppCheck;
		};
		DA9CF60F27CFA5D000B6ED09 /* FirebaseAppDistribution-Beta */ = {
			isa = XCSwiftPackageProductDependency;
			package = DA9CF60627CFA5D000B6ED09 /* XCRemoteSwiftPackageReference "firebase-ios-sdk" */;
			productName = "FirebaseAppDistribution-Beta";
		};
		DA9CF61127CFA5D000B6ED09 /* FirebaseAuth */ = {
			isa = XCSwiftPackageProductDependency;
			package = DA9CF60627CFA5D000B6ED09 /* XCRemoteSwiftPackageReference "firebase-ios-sdk" */;
			productName = FirebaseAuth;
		};
		DA9CF61327CFA5D000B6ED09 /* FirebaseAuthCombine-Community */ = {
			isa = XCSwiftPackageProductDependency;
			package = DA9CF60627CFA5D000B6ED09 /* XCRemoteSwiftPackageReference "firebase-ios-sdk" */;
			productName = "FirebaseAuthCombine-Community";
		};
		DA9CF61527CFA5D000B6ED09 /* FirebaseCrashlytics */ = {
			isa = XCSwiftPackageProductDependency;
			package = DA9CF60627CFA5D000B6ED09 /* XCRemoteSwiftPackageReference "firebase-ios-sdk" */;
			productName = FirebaseCrashlytics;
		};
		DA9CF61727CFA5D000B6ED09 /* FirebaseDatabase */ = {
			isa = XCSwiftPackageProductDependency;
			package = DA9CF60627CFA5D000B6ED09 /* XCRemoteSwiftPackageReference "firebase-ios-sdk" */;
			productName = FirebaseDatabase;
		};
		DA9CF61927CFA5D000B6ED09 /* FirebaseDatabaseSwift-Beta */ = {
			isa = XCSwiftPackageProductDependency;
			package = DA9CF60627CFA5D000B6ED09 /* XCRemoteSwiftPackageReference "firebase-ios-sdk" */;
			productName = "FirebaseDatabaseSwift-Beta";
		};
		DA9CF61B27CFA5D000B6ED09 /* FirebaseDynamicLinks */ = {
			isa = XCSwiftPackageProductDependency;
			package = DA9CF60627CFA5D000B6ED09 /* XCRemoteSwiftPackageReference "firebase-ios-sdk" */;
			productName = FirebaseDynamicLinks;
		};
		DA9CF61D27CFA5D000B6ED09 /* FirebaseFirestore */ = {
			isa = XCSwiftPackageProductDependency;
			package = DA9CF60627CFA5D000B6ED09 /* XCRemoteSwiftPackageReference "firebase-ios-sdk" */;
			productName = FirebaseFirestore;
		};
		DA9CF61F27CFA5D000B6ED09 /* FirebaseFirestoreCombine-Community */ = {
			isa = XCSwiftPackageProductDependency;
			package = DA9CF60627CFA5D000B6ED09 /* XCRemoteSwiftPackageReference "firebase-ios-sdk" */;
			productName = "FirebaseFirestoreCombine-Community";
		};
		DA9CF62127CFA5D000B6ED09 /* FirebaseFirestoreSwift-Beta */ = {
			isa = XCSwiftPackageProductDependency;
			package = DA9CF60627CFA5D000B6ED09 /* XCRemoteSwiftPackageReference "firebase-ios-sdk" */;
			productName = "FirebaseFirestoreSwift-Beta";
		};
		DA9CF62327CFA5D000B6ED09 /* FirebaseFunctions */ = {
			isa = XCSwiftPackageProductDependency;
			package = DA9CF60627CFA5D000B6ED09 /* XCRemoteSwiftPackageReference "firebase-ios-sdk" */;
			productName = FirebaseFunctions;
		};
		DA9CF62527CFA5D000B6ED09 /* FirebaseFunctionsCombine-Community */ = {
			isa = XCSwiftPackageProductDependency;
			package = DA9CF60627CFA5D000B6ED09 /* XCRemoteSwiftPackageReference "firebase-ios-sdk" */;
			productName = "FirebaseFunctionsCombine-Community";
		};
		DA9CF62727CFA5D000B6ED09 /* FirebaseFunctionsSwift-Beta */ = {
			isa = XCSwiftPackageProductDependency;
			package = DA9CF60627CFA5D000B6ED09 /* XCRemoteSwiftPackageReference "firebase-ios-sdk" */;
			productName = "FirebaseFunctionsSwift-Beta";
		};
		DA9CF62927CFA5D000B6ED09 /* FirebaseInAppMessaging-Beta */ = {
			isa = XCSwiftPackageProductDependency;
			package = DA9CF60627CFA5D000B6ED09 /* XCRemoteSwiftPackageReference "firebase-ios-sdk" */;
			productName = "FirebaseInAppMessaging-Beta";
		};
		DA9CF62B27CFA5D000B6ED09 /* FirebaseInAppMessagingSwift-Beta */ = {
			isa = XCSwiftPackageProductDependency;
			package = DA9CF60627CFA5D000B6ED09 /* XCRemoteSwiftPackageReference "firebase-ios-sdk" */;
			productName = "FirebaseInAppMessagingSwift-Beta";
		};
		DA9CF62D27CFA5D000B6ED09 /* FirebaseInstallations */ = {
			isa = XCSwiftPackageProductDependency;
			package = DA9CF60627CFA5D000B6ED09 /* XCRemoteSwiftPackageReference "firebase-ios-sdk" */;
			productName = FirebaseInstallations;
		};
		DA9CF62F27CFA5D000B6ED09 /* FirebaseMLModelDownloader */ = {
			isa = XCSwiftPackageProductDependency;
			package = DA9CF60627CFA5D000B6ED09 /* XCRemoteSwiftPackageReference "firebase-ios-sdk" */;
			productName = FirebaseMLModelDownloader;
		};
		DA9CF63127CFA5D000B6ED09 /* FirebaseMessaging */ = {
			isa = XCSwiftPackageProductDependency;
			package = DA9CF60627CFA5D000B6ED09 /* XCRemoteSwiftPackageReference "firebase-ios-sdk" */;
			productName = FirebaseMessaging;
		};
		DA9CF63327CFA5D000B6ED09 /* FirebasePerformance */ = {
			isa = XCSwiftPackageProductDependency;
			package = DA9CF60627CFA5D000B6ED09 /* XCRemoteSwiftPackageReference "firebase-ios-sdk" */;
			productName = FirebasePerformance;
		};
		DA9CF63527CFA5D000B6ED09 /* FirebaseRemoteConfig */ = {
			isa = XCSwiftPackageProductDependency;
			package = DA9CF60627CFA5D000B6ED09 /* XCRemoteSwiftPackageReference "firebase-ios-sdk" */;
			productName = FirebaseRemoteConfig;
		};
		DA9CF63727CFA5D000B6ED09 /* FirebaseRemoteConfigSwift-Beta */ = {
			isa = XCSwiftPackageProductDependency;
			package = DA9CF60627CFA5D000B6ED09 /* XCRemoteSwiftPackageReference "firebase-ios-sdk" */;
			productName = "FirebaseRemoteConfigSwift-Beta";
		};
		DA9CF63927CFA5D000B6ED09 /* FirebaseStorage */ = {
			isa = XCSwiftPackageProductDependency;
			package = DA9CF60627CFA5D000B6ED09 /* XCRemoteSwiftPackageReference "firebase-ios-sdk" */;
			productName = FirebaseStorage;
		};
		DA9CF63B27CFA5D000B6ED09 /* FirebaseStorageCombine-Community */ = {
			isa = XCSwiftPackageProductDependency;
			package = DA9CF60627CFA5D000B6ED09 /* XCRemoteSwiftPackageReference "firebase-ios-sdk" */;
			productName = "FirebaseStorageCombine-Community";
		};
		DA9CF63D27CFA5D000B6ED09 /* FirebaseStorageSwift-Beta */ = {
			isa = XCSwiftPackageProductDependency;
			package = DA9CF60627CFA5D000B6ED09 /* XCRemoteSwiftPackageReference "firebase-ios-sdk" */;
			productName = "FirebaseStorageSwift-Beta";
		};
/* End XCSwiftPackageProductDependency section */
	};
	rootObject = 7149E8EF27A8720A008E3553 /* Project object */;
}
